
Microsoft Visual Studio Solution File, Format Version 12.00
# Visual Studio Version 17
VisualStudioVersion = 17.9.34518.117
MinimumVisualStudioVersion = 10.0.40219.1
Project("{FAE04EC0-301F-11D3-BF4B-00C04F79EFBC}") = "Client", "Client\Client.csproj", "{84E5D5D6-E231-4C11-BD3D-F7BD5EDEF73F}"
EndProject
Project("{FAE04EC0-301F-11D3-BF4B-00C04F79EFBC}") = "Server", "Server\Server.csproj", "{DCFF9EC2-B71F-45BD-B8B7-7568C9D101F6}"
EndProject
Project("{FAE04EC0-301F-11D3-BF4B-00C04F79EFBC}") = "PipesUtil", "PipesUtil\PipesUtil.csproj", "{A36401D5-A30E-478F-AF18-28C9D580EE10}"
EndProject
Global
	GlobalSection(SolutionConfigurationPlatforms) = preSolution
		Debug|Any CPU = Debug|Any CPU
		Release|Any CPU = Release|Any CPU
	EndGlobalSection
	GlobalSection(ProjectConfigurationPlatforms) = postSolution
		{84E5D5D6-E231-4C11-BD3D-F7BD5EDEF73F}.Debug|Any CPU.ActiveCfg = Debug|Any CPU
		{84E5D5D6-E231-4C11-BD3D-F7BD5EDEF73F}.Debug|Any CPU.Build.0 = Debug|Any CPU
		{84E5D5D6-E231-4C11-BD3D-F7BD5EDEF73F}.Release|Any CPU.ActiveCfg = Release|Any CPU
		{84E5D5D6-E231-4C11-BD3D-F7BD5EDEF73F}.Release|Any CPU.Build.0 = Release|Any CPU
		{DCFF9EC2-B71F-45BD-B8B7-7568C9D101F6}.Debug|Any CPU.ActiveCfg = Debug|Any CPU
		{DCFF9EC2-B71F-45BD-B8B7-7568C9D101F6}.Debug|Any CPU.Build.0 = Debug|Any CPU
		{DCFF9EC2-B71F-45BD-B8B7-7568C9D101F6}.Release|Any CPU.ActiveCfg = Release|Any CPU
		{DCFF9EC2-B71F-45BD-B8B7-7568C9D101F6}.Release|Any CPU.Build.0 = Release|Any CPU
		{A36401D5-A30E-478F-AF18-28C9D580EE10}.Debug|Any CPU.ActiveCfg = Debug|Any CPU
		{A36401D5-A30E-478F-AF18-28C9D580EE10}.Debug|Any CPU.Build.0 = Debug|Any CPU
		{A36401D5-A30E-478F-AF18-28C9D580EE10}.Release|Any CPU.ActiveCfg = Release|Any CPU
		{A36401D5-A30E-478F-AF18-28C9D580EE10}.Release|Any CPU.Build.0 = Release|Any CPU
	EndGlobalSection
	GlobalSection(SolutionProperties) = preSolution
		HideSolutionNode = FALSE
	EndGlobalSection
	GlobalSection(ExtensibilityGlobals) = postSolution
		SolutionGuid = {145F66DA-ADAE-4AB4-8502-3314408A39DF}
	EndGlobalSection
EndGlobal
